// !$*UTF8*$!
{
	archiveVersion = 1;
	classes = {
	};
	objectVersion = 56;
	objects = {

/* Begin PBXBuildFile section */
		B9186F882BCAD1F800262B13 /* AppDelegate.m in Sources */ = {isa = PBXBuildFile; fileRef = B9186F872BCAD1F800262B13 /* AppDelegate.m */; };
		B9186F8B2BCAD1F800262B13 /* SceneDelegate.m in Sources */ = {isa = PBXBuildFile; fileRef = B9186F8A2BCAD1F800262B13 /* SceneDelegate.m */; };
		B9186F8E2BCAD1F800262B13 /* ViewController.m in Sources */ = {isa = PBXBuildFile; fileRef = B9186F8D2BCAD1F800262B13 /* ViewController.m */; };
		B9186F912BCAD1F800262B13 /* Base in Resources */ = {isa = PBXBuildFile; fileRef = B9186F902BCAD1F800262B13 /* Base */; };
		B9186F932BCAD1FB00262B13 /* Assets.xcassets in Resources */ = {isa = PBXBuildFile; fileRef = B9186F922BCAD1FB00262B13 /* Assets.xcassets */; };
		B9186F962BCAD1FB00262B13 /* Base in Resources */ = {isa = PBXBuildFile; fileRef = B9186F952BCAD1FB00262B13 /* Base */; };
		B9186F992BCAD1FB00262B13 /* main.m in Sources */ = {isa = PBXBuildFile; fileRef = B9186F982BCAD1FB00262B13 /* main.m */; };
		B9186FA32BCAD1FC00262B13 /* CalculatorTests.m in Sources */ = {isa = PBXBuildFile; fileRef = B9186FA22BCAD1FC00262B13 /* CalculatorTests.m */; };
		B9186FAD2BCAD1FC00262B13 /* CalculatorUITests.m in Sources */ = {isa = PBXBuildFile; fileRef = B9186FAC2BCAD1FC00262B13 /* CalculatorUITests.m */; };
		B9186FAF2BCAD1FC00262B13 /* CalculatorUITestsLaunchTests.m in Sources */ = {isa = PBXBuildFile; fileRef = B9186FAE2BCAD1FC00262B13 /* CalculatorUITestsLaunchTests.m */; };
/* End PBXBuildFile section */

/* Begin PBXContainerItemProxy section */
		B9186F9F2BCAD1FC00262B13 /* PBXContainerItemProxy */ = {
			isa = PBXContainerItemProxy;
			containerPortal = B9186F7B2BCAD1F800262B13 /* Project object */;
			proxyType = 1;
			remoteGlobalIDString = B9186F822BCAD1F800262B13;
			remoteInfo = Calculator;
		};
		B9186FA92BCAD1FC00262B13 /* PBXContainerItemProxy */ = {
			isa = PBXContainerItemProxy;
			containerPortal = B9186F7B2BCAD1F800262B13 /* Project object */;
			proxyType = 1;
			remoteGlobalIDString = B9186F822BCAD1F800262B13;
			remoteInfo = Calculator;
		};
/* End PBXContainerItemProxy section */

/* Begin PBXFileReference section */
		B9186F832BCAD1F800262B13 /* Calculator.app */ = {isa = PBXFileReference; explicitFileType = wrapper.application; includeInIndex = 0; path = Calculator.app; sourceTree = BUILT_PRODUCTS_DIR; };
		B9186F862BCAD1F800262B13 /* AppDelegate.h */ = {isa = PBXFileReference; lastKnownFileType = sourcecode.c.h; path = AppDelegate.h; sourceTree = "<group>"; };
		B9186F872BCAD1F800262B13 /* AppDelegate.m */ = {isa = PBXFileReference; lastKnownFileType = sourcecode.c.objc; path = AppDelegate.m; sourceTree = "<group>"; };
		B9186F892BCAD1F800262B13 /* SceneDelegate.h */ = {isa = PBXFileReference; lastKnownFileType = sourcecode.c.h; path = SceneDelegate.h; sourceTree = "<group>"; };
		B9186F8A2BCAD1F800262B13 /* SceneDelegate.m */ = {isa = PBXFileReference; lastKnownFileType = sourcecode.c.objc; path = SceneDelegate.m; sourceTree = "<group>"; };
		B9186F8C2BCAD1F800262B13 /* ViewController.h */ = {isa = PBXFileReference; lastKnownFileType = sourcecode.c.h; path = ViewController.h; sourceTree = "<group>"; };
		B9186F8D2BCAD1F800262B13 /* ViewController.m */ = {isa = PBXFileReference; lastKnownFileType = sourcecode.c.objc; path = ViewController.m; sourceTree = "<group>"; };
		B9186F902BCAD1F800262B13 /* Base */ = {isa = PBXFileReference; lastKnownFileType = file.storyboard; name = Base; path = Base.lproj/Main.storyboard; sourceTree = "<group>"; };
		B9186F922BCAD1FB00262B13 /* Assets.xcassets */ = {isa = PBXFileReference; lastKnownFileType = folder.assetcatalog; path = Assets.xcassets; sourceTree = "<group>"; };
		B9186F952BCAD1FB00262B13 /* Base */ = {isa = PBXFileReference; lastKnownFileType = file.storyboard; name = Base; path = Base.lproj/LaunchScreen.storyboard; sourceTree = "<group>"; };
		B9186F972BCAD1FB00262B13 /* Info.plist */ = {isa = PBXFileReference; lastKnownFileType = text.plist.xml; path = Info.plist; sourceTree = "<group>"; };
		B9186F982BCAD1FB00262B13 /* main.m */ = {isa = PBXFileReference; lastKnownFileType = sourcecode.c.objc; path = main.m; sourceTree = "<group>"; };
		B9186F9E2BCAD1FC00262B13 /* CalculatorTests.xctest */ = {isa = PBXFileReference; explicitFileType = wrapper.cfbundle; includeInIndex = 0; path = CalculatorTests.xctest; sourceTree = BUILT_PRODUCTS_DIR; };
		B9186FA22BCAD1FC00262B13 /* CalculatorTests.m */ = {isa = PBXFileReference; lastKnownFileType = sourcecode.c.objc; path = CalculatorTests.m; sourceTree = "<group>"; };
		B9186FA82BCAD1FC00262B13 /* CalculatorUITests.xctest */ = {isa = PBXFileReference; explicitFileType = wrapper.cfbundle; includeInIndex = 0; path = CalculatorUITests.xctest; sourceTree = BUILT_PRODUCTS_DIR; };
		B9186FAC2BCAD1FC00262B13 /* CalculatorUITests.m */ = {isa = PBXFileReference; lastKnownFileType = sourcecode.c.objc; path = CalculatorUITests.m; sourceTree = "<group>"; };
		B9186FAE2BCAD1FC00262B13 /* CalculatorUITestsLaunchTests.m */ = {isa = PBXFileReference; lastKnownFileType = sourcecode.c.objc; path = CalculatorUITestsLaunchTests.m; sourceTree = "<group>"; };
/* End PBXFileReference section */

/* Begin PBXFrameworksBuildPhase section */
		B9186F802BCAD1F800262B13 /* Frameworks */ = {
			isa = PBXFrameworksBuildPhase;
			buildActionMask = 2147483647;
			files = (
			);
			runOnlyForDeploymentPostprocessing = 0;
		};
		B9186F9B2BCAD1FC00262B13 /* Frameworks */ = {
			isa = PBXFrameworksBuildPhase;
			buildActionMask = 2147483647;
			files = (
			);
			runOnlyForDeploymentPostprocessing = 0;
		};
		B9186FA52BCAD1FC00262B13 /* Frameworks */ = {
			isa = PBXFrameworksBuildPhase;
			buildActionMask = 2147483647;
			files = (
			);
			runOnlyForDeploymentPostprocessing = 0;
		};
/* End PBXFrameworksBuildPhase section */

/* Begin PBXGroup section */
		B9186F7A2BCAD1F800262B13 = {
			isa = PBXGroup;
			children = (
				B9186F852BCAD1F800262B13 /* Calculator */,
				B9186FA12BCAD1FC00262B13 /* CalculatorTests */,
				B9186FAB2BCAD1FC00262B13 /* CalculatorUITests */,
				B9186F842BCAD1F800262B13 /* Products */,
			);
			sourceTree = "<group>";
		};
		B9186F842BCAD1F800262B13 /* Products */ = {
			isa = PBXGroup;
			children = (
				B9186F832BCAD1F800262B13 /* Calculator.app */,
				B9186F9E2BCAD1FC00262B13 /* CalculatorTests.xctest */,
				B9186FA82BCAD1FC00262B13 /* CalculatorUITests.xctest */,
			);
			name = Products;
			sourceTree = "<group>";
		};
		B9186F852BCAD1F800262B13 /* Calculator */ = {
			isa = PBXGroup;
			children = (
				B9186F862BCAD1F800262B13 /* AppDelegate.h */,
				B9186F872BCAD1F800262B13 /* AppDelegate.m */,
				B9186F892BCAD1F800262B13 /* SceneDelegate.h */,
				B9186F8A2BCAD1F800262B13 /* SceneDelegate.m */,
				B9186F8C2BCAD1F800262B13 /* ViewController.h */,
				B9186F8D2BCAD1F800262B13 /* ViewController.m */,
				B9186F8F2BCAD1F800262B13 /* Main.storyboard */,
				B9186F922BCAD1FB00262B13 /* Assets.xcassets */,
				B9186F942BCAD1FB00262B13 /* LaunchScreen.storyboard */,
				B9186F972BCAD1FB00262B13 /* Info.plist */,
				B9186F982BCAD1FB00262B13 /* main.m */,
			);
			path = Calculator;
			sourceTree = "<group>";
		};
		B9186FA12BCAD1FC00262B13 /* CalculatorTests */ = {
			isa = PBXGroup;
			children = (
				B9186FA22BCAD1FC00262B13 /* CalculatorTests.m */,
			);
			path = CalculatorTests;
			sourceTree = "<group>";
		};
		B9186FAB2BCAD1FC00262B13 /* CalculatorUITests */ = {
			isa = PBXGroup;
			children = (
				B9186FAC2BCAD1FC00262B13 /* CalculatorUITests.m */,
				B9186FAE2BCAD1FC00262B13 /* CalculatorUITestsLaunchTests.m */,
			);
			path = CalculatorUITests;
			sourceTree = "<group>";
		};
/* End PBXGroup section */

/* Begin PBXNativeTarget section */
		B9186F822BCAD1F800262B13 /* Calculator */ = {
			isa = PBXNativeTarget;
			buildConfigurationList = B9186FB22BCAD1FC00262B13 /* Build configuration list for PBXNativeTarget "Calculator" */;
			buildPhases = (
				B9186F7F2BCAD1F800262B13 /* Sources */,
				B9186F802BCAD1F800262B13 /* Frameworks */,
				B9186F812BCAD1F800262B13 /* Resources */,
			);
			buildRules = (
			);
			dependencies = (
			);
			name = Calculator;
			productName = Calculator;
			productReference = B9186F832BCAD1F800262B13 /* Calculator.app */;
			productType = "com.apple.product-type.application";
		};
		B9186F9D2BCAD1FC00262B13 /* CalculatorTests */ = {
			isa = PBXNativeTarget;
			buildConfigurationList = B9186FB52BCAD1FC00262B13 /* Build configuration list for PBXNativeTarget "CalculatorTests" */;
			buildPhases = (
				B9186F9A2BCAD1FC00262B13 /* Sources */,
				B9186F9B2BCAD1FC00262B13 /* Frameworks */,
				B9186F9C2BCAD1FC00262B13 /* Resources */,
			);
			buildRules = (
			);
			dependencies = (
				B9186FA02BCAD1FC00262B13 /* PBXTargetDependency */,
			);
			name = CalculatorTests;
			productName = CalculatorTests;
			productReference = B9186F9E2BCAD1FC00262B13 /* CalculatorTests.xctest */;
			productType = "com.apple.product-type.bundle.unit-test";
		};
		B9186FA72BCAD1FC00262B13 /* CalculatorUITests */ = {
			isa = PBXNativeTarget;
			buildConfigurationList = B9186FB82BCAD1FC00262B13 /* Build configuration list for PBXNativeTarget "CalculatorUITests" */;
			buildPhases = (
				B9186FA42BCAD1FC00262B13 /* Sources */,
				B9186FA52BCAD1FC00262B13 /* Frameworks */,
				B9186FA62BCAD1FC00262B13 /* Resources */,
			);
			buildRules = (
			);
			dependencies = (
				B9186FAA2BCAD1FC00262B13 /* PBXTargetDependency */,
			);
			name = CalculatorUITests;
			productName = CalculatorUITests;
			productReference = B9186FA82BCAD1FC00262B13 /* CalculatorUITests.xctest */;
			productType = "com.apple.product-type.bundle.ui-testing";
		};
/* End PBXNativeTarget section */

/* Begin PBXProject section */
		B9186F7B2BCAD1F800262B13 /* Project object */ = {
			isa = PBXProject;
			attributes = {
				BuildIndependentTargetsInParallel = 1;
				LastUpgradeCheck = 1530;
				TargetAttributes = {
					B9186F822BCAD1F800262B13 = {
						CreatedOnToolsVersion = 15.3;
					};
					B9186F9D2BCAD1FC00262B13 = {
						CreatedOnToolsVersion = 15.3;
						TestTargetID = B9186F822BCAD1F800262B13;
					};
					B9186FA72BCAD1FC00262B13 = {
						CreatedOnToolsVersion = 15.3;
						TestTargetID = B9186F822BCAD1F800262B13;
					};
				};
			};
			buildConfigurationList = B9186F7E2BCAD1F800262B13 /* Build configuration list for PBXProject "Calculator" */;
			compatibilityVersion = "Xcode 14.0";
			developmentRegion = en;
			hasScannedForEncodings = 0;
			knownRegions = (
				en,
				Base,
			);
			mainGroup = B9186F7A2BCAD1F800262B13;
			productRefGroup = B9186F842BCAD1F800262B13 /* Products */;
			projectDirPath = "";
			projectRoot = "";
			targets = (
				B9186F822BCAD1F800262B13 /* Calculator */,
				B9186F9D2BCAD1FC00262B13 /* CalculatorTests */,
				B9186FA72BCAD1FC00262B13 /* CalculatorUITests */,
			);
		};
/* End PBXProject section */

/* Begin PBXResourcesBuildPhase section */
		B9186F812BCAD1F800262B13 /* Resources */ = {
			isa = PBXResourcesBuildPhase;
			buildActionMask = 2147483647;
			files = (
				B9186F932BCAD1FB00262B13 /* Assets.xcassets in Resources */,
				B9186F962BCAD1FB00262B13 /* Base in Resources */,
				B9186F912BCAD1F800262B13 /* Base in Resources */,
			);
			runOnlyForDeploymentPostprocessing = 0;
		};
		B9186F9C2BCAD1FC00262B13 /* Resources */ = {
			isa = PBXResourcesBuildPhase;
			buildActionMask = 2147483647;
			files = (
			);
			runOnlyForDeploymentPostprocessing = 0;
		};
		B9186FA62BCAD1FC00262B13 /* Resources */ = {
			isa = PBXResourcesBuildPhase;
			buildActionMask = 2147483647;
			files = (
			);
			runOnlyForDeploymentPostprocessing = 0;
		};
/* End PBXResourcesBuildPhase section */

/* Begin PBXSourcesBuildPhase section */
		B9186F7F2BCAD1F800262B13 /* Sources */ = {
			isa = PBXSourcesBuildPhase;
			buildActionMask = 2147483647;
			files = (
				B9186F8E2BCAD1F800262B13 /* ViewController.m in Sources */,
				B9186F882BCAD1F800262B13 /* AppDelegate.m in Sources */,
				B9186F992BCAD1FB00262B13 /* main.m in Sources */,
				B9186F8B2BCAD1F800262B13 /* SceneDelegate.m in Sources */,
			);
			runOnlyForDeploymentPostprocessing = 0;
		};
		B9186F9A2BCAD1FC00262B13 /* Sources */ = {
			isa = PBXSourcesBuildPhase;
			buildActionMask = 2147483647;
			files = (
				B9186FA32BCAD1FC00262B13 /* CalculatorTests.m in Sources */,
			);
			runOnlyForDeploymentPostprocessing = 0;
		};
		B9186FA42BCAD1FC00262B13 /* Sources */ = {
			isa = PBXSourcesBuildPhase;
			buildActionMask = 2147483647;
			files = (
				B9186FAF2BCAD1FC00262B13 /* CalculatorUITestsLaunchTests.m in Sources */,
				B9186FAD2BCAD1FC00262B13 /* CalculatorUITests.m in Sources */,
			);
			runOnlyForDeploymentPostprocessing = 0;
		};
/* End PBXSourcesBuildPhase section */

/* Begin PBXTargetDependency section */
		B9186FA02BCAD1FC00262B13 /* PBXTargetDependency */ = {
			isa = PBXTargetDependency;
			target = B9186F822BCAD1F800262B13 /* Calculator */;
			targetProxy = B9186F9F2BCAD1FC00262B13 /* PBXContainerItemProxy */;
		};
		B9186FAA2BCAD1FC00262B13 /* PBXTargetDependency */ = {
			isa = PBXTargetDependency;
			target = B9186F822BCAD1F800262B13 /* Calculator */;
			targetProxy = B9186FA92BCAD1FC00262B13 /* PBXContainerItemProxy */;
		};
/* End PBXTargetDependency section */

/* Begin PBXVariantGroup section */
		B9186F8F2BCAD1F800262B13 /* Main.storyboard */ = {
			isa = PBXVariantGroup;
			children = (
				B9186F902BCAD1F800262B13 /* Base */,
			);
			name = Main.storyboard;
			sourceTree = "<group>";
		};
		B9186F942BCAD1FB00262B13 /* LaunchScreen.storyboard */ = {
			isa = PBXVariantGroup;
			children = (
				B9186F952BCAD1FB00262B13 /* Base */,
			);
			name = LaunchScreen.storyboard;
			sourceTree = "<group>";
		};
/* End PBXVariantGroup section */

/* Begin XCBuildConfiguration section */
		B9186FB02BCAD1FC00262B13 /* Debug */ = {
			isa = XCBuildConfiguration;
			buildSettings = {
				ALWAYS_SEARCH_USER_PATHS = NO;
				ASSETCATALOG_COMPILER_GENERATE_SWIFT_ASSET_SYMBOL_EXTENSIONS = YES;
				CLANG_ANALYZER_NONNULL = YES;
				CLANG_ANALYZER_NUMBER_OBJECT_CONVERSION = YES_AGGRESSIVE;
				CLANG_CXX_LANGUAGE_STANDARD = "gnu++20";
				CLANG_ENABLE_MODULES = YES;
				CLANG_ENABLE_OBJC_ARC = YES;
				CLANG_ENABLE_OBJC_WEAK = YES;
				CLANG_WARN_BLOCK_CAPTURE_AUTORELEASING = YES;
				CLANG_WARN_BOOL_CONVERSION = YES;
				CLANG_WARN_COMMA = YES;
				CLANG_WARN_CONSTANT_CONVERSION = YES;
				CLANG_WARN_DEPRECATED_OBJC_IMPLEMENTATIONS = YES;
				CLANG_WARN_DIRECT_OBJC_ISA_USAGE = YES_ERROR;
				CLANG_WARN_DOCUMENTATION_COMMENTS = YES;
				CLANG_WARN_EMPTY_BODY = YES;
				CLANG_WARN_ENUM_CONVERSION = YES;
				CLANG_WARN_INFINITE_RECURSION = YES;
				CLANG_WARN_INT_CONVERSION = YES;
				CLANG_WARN_NON_LITERAL_NULL_CONVERSION = YES;
				CLANG_WARN_OBJC_IMPLICIT_RETAIN_SELF = YES;
				CLANG_WARN_OBJC_LITERAL_CONVERSION = YES;
				CLANG_WARN_OBJC_ROOT_CLASS = YES_ERROR;
				CLANG_WARN_QUOTED_INCLUDE_IN_FRAMEWORK_HEADER = YES;
				CLANG_WARN_RANGE_LOOP_ANALYSIS = YES;
				CLANG_WARN_STRICT_PROTOTYPES = YES;
				CLANG_WARN_SUSPICIOUS_MOVE = YES;
				CLANG_WARN_UNGUARDED_AVAILABILITY = YES_AGGRESSIVE;
				CLANG_WARN_UNREACHABLE_CODE = YES;
				CLANG_WARN__DUPLICATE_METHOD_MATCH = YES;
				COPY_PHASE_STRIP = NO;
				DEBUG_INFORMATION_FORMAT = dwarf;
				ENABLE_STRICT_OBJC_MSGSEND = YES;
				ENABLE_TESTABILITY = YES;
				ENABLE_USER_SCRIPT_SANDBOXING = YES;
				GCC_C_LANGUAGE_STANDARD = gnu17;
				GCC_DYNAMIC_NO_PIC = NO;
				GCC_NO_COMMON_BLOCKS = YES;
				GCC_OPTIMIZATION_LEVEL = 0;
				GCC_PREPROCESSOR_DEFINITIONS = (
					"DEBUG=1",
					"$(inherited)",
				);
				GCC_WARN_64_TO_32_BIT_CONVERSION = YES;
				GCC_WARN_ABOUT_RETURN_TYPE = YES_ERROR;
				GCC_WARN_UNDECLARED_SELECTOR = YES;
				GCC_WARN_UNINITIALIZED_AUTOS = YES_AGGRESSIVE;
				GCC_WARN_UNUSED_FUNCTION = YES;
				GCC_WARN_UNUSED_VARIABLE = YES;
				IPHONEOS_DEPLOYMENT_TARGET = 17.4;
				LOCALIZATION_PREFERS_STRING_CATALOGS = YES;
				MTL_ENABLE_DEBUG_INFO = INCLUDE_SOURCE;
				MTL_FAST_MATH = YES;
				ONLY_ACTIVE_ARCH = YES;
				SDKROOT = iphoneos;
			};
			name = Debug;
		};
		B9186FB12BCAD1FC00262B13 /* Release */ = {
			isa = XCBuildConfiguration;
			buildSettings = {
				ALWAYS_SEARCH_USER_PATHS = NO;
				ASSETCATALOG_COMPILER_GENERATE_SWIFT_ASSET_SYMBOL_EXTENSIONS = YES;
				CLANG_ANALYZER_NONNULL = YES;
				CLANG_ANALYZER_NUMBER_OBJECT_CONVERSION = YES_AGGRESSIVE;
				CLANG_CXX_LANGUAGE_STANDARD = "gnu++20";
				CLANG_ENABLE_MODULES = YES;
				CLANG_ENABLE_OBJC_ARC = YES;
				CLANG_ENABLE_OBJC_WEAK = YES;
				CLANG_WARN_BLOCK_CAPTURE_AUTORELEASING = YES;
				CLANG_WARN_BOOL_CONVERSION = YES;
				CLANG_WARN_COMMA = YES;
				CLANG_WARN_CONSTANT_CONVERSION = YES;
				CLANG_WARN_DEPRECATED_OBJC_IMPLEMENTATIONS = YES;
				CLANG_WARN_DIRECT_OBJC_ISA_USAGE = YES_ERROR;
				CLANG_WARN_DOCUMENTATION_COMMENTS = YES;
				CLANG_WARN_EMPTY_BODY = YES;
				CLANG_WARN_ENUM_CONVERSION = YES;
				CLANG_WARN_INFINITE_RECURSION = YES;
				CLANG_WARN_INT_CONVERSION = YES;
				CLANG_WARN_NON_LITERAL_NULL_CONVERSION = YES;
				CLANG_WARN_OBJC_IMPLICIT_RETAIN_SELF = YES;
				CLANG_WARN_OBJC_LITERAL_CONVERSION = YES;
				CLANG_WARN_OBJC_ROOT_CLASS = YES_ERROR;
				CLANG_WARN_QUOTED_INCLUDE_IN_FRAMEWORK_HEADER = YES;
				CLANG_WARN_RANGE_LOOP_ANALYSIS = YES;
				CLANG_WARN_STRICT_PROTOTYPES = YES;
				CLANG_WARN_SUSPICIOUS_MOVE = YES;
				CLANG_WARN_UNGUARDED_AVAILABILITY = YES_AGGRESSIVE;
				CLANG_WARN_UNREACHABLE_CODE = YES;
				CLANG_WARN__DUPLICATE_METHOD_MATCH = YES;
				COPY_PHASE_STRIP = NO;
				DEBUG_INFORMATION_FORMAT = "dwarf-with-dsym";
				ENABLE_NS_ASSERTIONS = NO;
				ENABLE_STRICT_OBJC_MSGSEND = YES;
				ENABLE_USER_SCRIPT_SANDBOXING = YES;
				GCC_C_LANGUAGE_STANDARD = gnu17;
				GCC_NO_COMMON_BLOCKS = YES;
				GCC_WARN_64_TO_32_BIT_CONVERSION = YES;
				GCC_WARN_ABOUT_RETURN_TYPE = YES_ERROR;
				GCC_WARN_UNDECLARED_SELECTOR = YES;
				GCC_WARN_UNINITIALIZED_AUTOS = YES_AGGRESSIVE;
				GCC_WARN_UNUSED_FUNCTION = YES;
				GCC_WARN_UNUSED_VARIABLE = YES;
				IPHONEOS_DEPLOYMENT_TARGET = 17.4;
				LOCALIZATION_PREFERS_STRING_CATALOGS = YES;
				MTL_ENABLE_DEBUG_INFO = NO;
				MTL_FAST_MATH = YES;
				SDKROOT = iphoneos;
				VALIDATE_PRODUCT = YES;
			};
			name = Release;
		};
		B9186FB32BCAD1FC00262B13 /* Debug */ = {
			isa = XCBuildConfiguration;
			buildSettings = {
				ASSETCATALOG_COMPILER_APPICON_NAME = AppIcon;
				ASSETCATALOG_COMPILER_GLOBAL_ACCENT_COLOR_NAME = AccentColor;
				CODE_SIGN_STYLE = Automatic;
				CURRENT_PROJECT_VERSION = 1;
				GENERATE_INFOPLIST_FILE = YES;
				INFOPLIST_FILE = Calculator/Info.plist;
				INFOPLIST_KEY_UIApplicationSupportsIndirectInputEvents = YES;
				INFOPLIST_KEY_UILaunchStoryboardName = LaunchScreen;
				INFOPLIST_KEY_UIMainStoryboardFile = Main;
				INFOPLIST_KEY_UISupportedInterfaceOrientations_iPad = "UIInterfaceOrientationPortrait UIInterfaceOrientationPortraitUpsideDown UIInterfaceOrientationLandscapeLeft UIInterfaceOrientationLandscapeRight";
				INFOPLIST_KEY_UISupportedInterfaceOrientations_iPhone = "UIInterfaceOrientationPortrait UIInterfaceOrientationLandscapeLeft UIInterfaceOrientationLandscapeRight";
				IPHONEOS_DEPLOYMENT_TARGET = 17.2;
				LD_RUNPATH_SEARCH_PATHS = (
					"$(inherited)",
					"@executable_path/Frameworks",
				);
				MARKETING_VERSION = 1.0;
				PRODUCT_BUNDLE_IDENTIFIER = iti.Calculator;
				PRODUCT_NAME = "$(TARGET_NAME)";
				SWIFT_EMIT_LOC_STRINGS = YES;
				TARGETED_DEVICE_FAMILY = "1,2";
			};
			name = Debug;
		};
		B9186FB42BCAD1FC00262B13 /* Release */ = {
			isa = XCBuildConfiguration;
			buildSettings = {
				ASSETCATALOG_COMPILER_APPICON_NAME = AppIcon;
				ASSETCATALOG_COMPILER_GLOBAL_ACCENT_COLOR_NAME = AccentColor;
				CODE_SIGN_STYLE = Automatic;
				CURRENT_PROJECT_VERSION = 1;
				GENERATE_INFOPLIST_FILE = YES;
				INFOPLIST_FILE = Calculator/Info.plist;
				INFOPLIST_KEY_UIApplicationSupportsIndirectInputEvents = YES;
				INFOPLIST_KEY_UILaunchStoryboardName = LaunchScreen;
				INFOPLIST_KEY_UIMainStoryboardFile = Main;
				INFOPLIST_KEY_UISupportedInterfaceOrientations_iPad = "UIInterfaceOrientationPortrait UIInterfaceOrientationPortraitUpsideDown UIInterfaceOrientationLandscapeLeft UIInterfaceOrientationLandscapeRight";
				INFOPLIST_KEY_UISupportedInterfaceOrientations_iPhone = "UIInterfaceOrientationPortrait UIInterfaceOrientationLandscapeLeft UIInterfaceOrientationLandscapeRight";
				IPHONEOS_DEPLOYMENT_TARGET = 17.2;
				LD_RUNPATH_SEARCH_PATHS = (
					"$(inherited)",
					"@executable_path/Frameworks",
				);
				MARKETING_VERSION = 1.0;
				PRODUCT_BUNDLE_IDENTIFIER = iti.Calculator;
				PRODUCT_NAME = "$(TARGET_NAME)";
				SWIFT_EMIT_LOC_STRINGS = YES;
				TARGETED_DEVICE_FAMILY = "1,2";
			};
			name = Release;
		};
		B9186FB62BCAD1FC00262B13 /* Debug */ = {
			isa = XCBuildConfiguration;
			buildSettings = {
				BUNDLE_LOADER = "$(TEST_HOST)";
				CODE_SIGN_STYLE = Automatic;
				CURRENT_PROJECT_VERSION = 1;
				GENERATE_INFOPLIST_FILE = YES;
				IPHONEOS_DEPLOYMENT_TARGET = 17.4;
				MARKETING_VERSION = 1.0;
				PRODUCT_BUNDLE_IDENTIFIER = iti.CalculatorTests;
				PRODUCT_NAME = "$(TARGET_NAME)";
				SWIFT_EMIT_LOC_STRINGS = NO;
				TARGETED_DEVICE_FAMILY = "1,2";
				TEST_HOST = "$(BUILT_PRODUCTS_DIR)/Calculator.app/$(BUNDLE_EXECUTABLE_FOLDER_PATH)/Calculator";
			};
			name = Debug;
		};
		B9186FB72BCAD1FC00262B13 /* Release */ = {
			isa = XCBuildConfiguration;
			buildSettings = {
				BUNDLE_LOADER = "$(TEST_HOST)";
				CODE_SIGN_STYLE = Automatic;
				CURRENT_PROJECT_VERSION = 1;
				GENERATE_INFOPLIST_FILE = YES;
				IPHONEOS_DEPLOYMENT_TARGET = 17.4;
				MARKETING_VERSION = 1.0;
				PRODUCT_BUNDLE_IDENTIFIER = iti.CalculatorTests;
				PRODUCT_NAME = "$(TARGET_NAME)";
				SWIFT_EMIT_LOC_STRINGS = NO;
				TARGETED_DEVICE_FAMILY = "1,2";
				TEST_HOST = "$(BUILT_PRODUCTS_DIR)/Calculator.app/$(BUNDLE_EXECUTABLE_FOLDER_PATH)/Calculator";
			};
			name = Release;
		};
		B9186FB92BCAD1FC00262B13 /* Debug */ = {
			isa = XCBuildConfiguration;
			buildSettings = {
				CODE_SIGN_STYLE = Automatic;
				CURRENT_PROJECT_VERSION = 1;
				GENERATE_INFOPLIST_FILE = YES;
				MARKETING_VERSION = 1.0;
				PRODUCT_BUNDLE_IDENTIFIER = iti.CalculatorUITests;
				PRODUCT_NAME = "$(TARGET_NAME)";
				SWIFT_EMIT_LOC_STRINGS = NO;
				TARGETED_DEVICE_FAMILY = "1,2";
				TEST_TARGET_NAME = Calculator;
			};
			name = Debug;
		};
		B9186FBA2BCAD1FC00262B13 /* Release */ = {
			isa = XCBuildConfiguration;
			buildSettings = {
				CODE_SIGN_STYLE = Automatic;
				CURRENT_PROJECT_VERSION = 1;
				GENERATE_INFOPLIST_FILE = YES;
				MARKETING_VERSION = 1.0;
				PRODUCT_BUNDLE_IDENTIFIER = iti.CalculatorUITests;
				PRODUCT_NAME = "$(TARGET_NAME)";
				SWIFT_EMIT_LOC_STRINGS = NO;
				TARGETED_DEVICE_FAMILY = "1,2";
				TEST_TARGET_NAME = Calculator;
			};
			name = Release;
		};
/* End XCBuildConfiguration section */

/* Begin XCConfigurationList section */
		B9186F7E2BCAD1F800262B13 /* Build configuration list for PBXProject "Calculator" */ = {
			isa = XCConfigurationList;
			buildConfigurations = (
				B9186FB02BCAD1FC00262B13 /* Debug */,
				B9186FB12BCAD1FC00262B13 /* Release */,
			);
			defaultConfigurationIsVisible = 0;
			defaultConfigurationName = Release;
		};
		B9186FB22BCAD1FC00262B13 /* Build configuration list for PBXNativeTarget "Calculator" */ = {
			isa = XCConfigurationList;
			buildConfigurations = (
				B9186FB32BCAD1FC00262B13 /* Debug */,
				B9186FB42BCAD1FC00262B13 /* Release */,
			);
			defaultConfigurationIsVisible = 0;
			defaultConfigurationName = Release;
		};
		B9186FB52BCAD1FC00262B13 /* Build configuration list for PBXNativeTarget "CalculatorTests" */ = {
			isa = XCConfigurationList;
			buildConfigurations = (
				B9186FB62BCAD1FC00262B13 /* Debug */,
				B9186FB72BCAD1FC00262B13 /* Release */,
			);
			defaultConfigurationIsVisible = 0;
			defaultConfigurationName = Release;
		};
		B9186FB82BCAD1FC00262B13 /* Build configuration list for PBXNativeTarget "CalculatorUITests" */ = {
			isa = XCConfigurationList;
			buildConfigurations = (
				B9186FB92BCAD1FC00262B13 /* Debug */,
				B9186FBA2BCAD1FC00262B13 /* Release */,
			);
			defaultConfigurationIsVisible = 0;
			defaultConfigurationName = Release;
		};
/* End XCConfigurationList section */
	};
	rootObject = B9186F7B2BCAD1F800262B13 /* Project object */;
}
